
Microsoft Visual Studio Solution File, Format Version 12.00
Project("{FAE04EC0-301F-11D3-BF4B-00C04F79EFBC}") = "UI", "UI\UI.csproj", "{30F35E15-D1F4-472B-81F4-E05E115CDA03}"
EndProject
Project("{FAE04EC0-301F-11D3-BF4B-00C04F79EFBC}") = "BL", "BL\BL.csproj", "{6BAE43F9-5543-450C-BEDE-768C1FDF089A}"
EndProject
Project("{FAE04EC0-301F-11D3-BF4B-00C04F79EFBC}") = "DAL", "DAL\DAL.csproj", "{D26591EF-9F69-48CC-9FFA-489D4E53A90C}"
EndProject
Project("{FAE04EC0-301F-11D3-BF4B-00C04F79EFBC}") = "Tests", "Tests\Tests.csproj", "{CE8CA039-5857-4BB8-92B5-85EAEC18C824}"
EndProject
Global
	GlobalSection(SolutionConfigurationPlatforms) = preSolution
		Debug|Any CPU = Debug|Any CPU
		Release|Any CPU = Release|Any CPU
	EndGlobalSection
	GlobalSection(ProjectConfigurationPlatforms) = postSolution
		{30F35E15-D1F4-472B-81F4-E05E115CDA03}.Debug|Any CPU.ActiveCfg = Debug|Any CPU
		{30F35E15-D1F4-472B-81F4-E05E115CDA03}.Debug|Any CPU.Build.0 = Debug|Any CPU
		{30F35E15-D1F4-472B-81F4-E05E115CDA03}.Release|Any CPU.ActiveCfg = Release|Any CPU
		{30F35E15-D1F4-472B-81F4-E05E115CDA03}.Release|Any CPU.Build.0 = Release|Any CPU
		{6BAE43F9-5543-450C-BEDE-768C1FDF089A}.Debug|Any CPU.ActiveCfg = Debug|Any CPU
		{6BAE43F9-5543-450C-BEDE-768C1FDF089A}.Debug|Any CPU.Build.0 = Debug|Any CPU
		{6BAE43F9-5543-450C-BEDE-768C1FDF089A}.Release|Any CPU.ActiveCfg = Release|Any CPU
		{6BAE43F9-5543-450C-BEDE-768C1FDF089A}.Release|Any CPU.Build.0 = Release|Any CPU
		{D26591EF-9F69-48CC-9FFA-489D4E53A90C}.Debug|Any CPU.ActiveCfg = Debug|Any CPU
		{D26591EF-9F69-48CC-9FFA-489D4E53A90C}.Debug|Any CPU.Build.0 = Debug|Any CPU
		{D26591EF-9F69-48CC-9FFA-489D4E53A90C}.Release|Any CPU.ActiveCfg = Release|Any CPU
		{D26591EF-9F69-48CC-9FFA-489D4E53A90C}.Release|Any CPU.Build.0 = Release|Any CPU
		{CE8CA039-5857-4BB8-92B5-85EAEC18C824}.Debug|Any CPU.ActiveCfg = Debug|Any CPU
		{CE8CA039-5857-4BB8-92B5-85EAEC18C824}.Debug|Any CPU.Build.0 = Debug|Any CPU
		{CE8CA039-5857-4BB8-92B5-85EAEC18C824}.Release|Any CPU.ActiveCfg = Release|Any CPU
		{CE8CA039-5857-4BB8-92B5-85EAEC18C824}.Release|Any CPU.Build.0 = Release|Any CPU
	EndGlobalSection
EndGlobal
